// !$*UTF8*$!
{
	archiveVersion = 1;
	classes = {
	};
	objectVersion = 50;
	objects = {

/* Begin PBXBuildFile section */
		9899B8F323072CD700429BFE /* AppDelegate.swift in Sources */ = {isa = PBXBuildFile; fileRef = 9899B8F223072CD700429BFE /* AppDelegate.swift */; };
		9899B8FA23072CD800429BFE /* Assets.xcassets in Resources */ = {isa = PBXBuildFile; fileRef = 9899B8F923072CD800429BFE /* Assets.xcassets */; };
		9899B8FD23072CD800429BFE /* LaunchScreen.storyboard in Resources */ = {isa = PBXBuildFile; fileRef = 9899B8FB23072CD800429BFE /* LaunchScreen.storyboard */; };
		9899B90D2307357300429BFE /* HomeViewController.swift in Sources */ = {isa = PBXBuildFile; fileRef = 9899B90B2307357300429BFE /* HomeViewController.swift */; };
		9899B90E2307357300429BFE /* HomeViewController.xib in Resources */ = {isa = PBXBuildFile; fileRef = 9899B90C2307357300429BFE /* HomeViewController.xib */; };
		9899B91123075B2100429BFE /* UIButtonExtension.swift in Sources */ = {isa = PBXBuildFile; fileRef = 9899B91023075B2100429BFE /* UIButtonExtension.swift */; };
/* End PBXBuildFile section */

/* Begin PBXFileReference section */
		9899B8EF23072CD700429BFE /* Calculatorr.app */ = {isa = PBXFileReference; explicitFileType = wrapper.application; includeInIndex = 0; path = Calculatorr.app; sourceTree = BUILT_PRODUCTS_DIR; };
		9899B8F223072CD700429BFE /* AppDelegate.swift */ = {isa = PBXFileReference; lastKnownFileType = sourcecode.swift; path = AppDelegate.swift; sourceTree = "<group>"; };
		9899B8F923072CD800429BFE /* Assets.xcassets */ = {isa = PBXFileReference; lastKnownFileType = folder.assetcatalog; path = Assets.xcassets; sourceTree = "<group>"; };
		9899B8FC23072CD800429BFE /* Base */ = {isa = PBXFileReference; lastKnownFileType = file.storyboard; name = Base; path = Base.lproj/LaunchScreen.storyboard; sourceTree = "<group>"; };
		9899B8FE23072CD800429BFE /* Info.plist */ = {isa = PBXFileReference; lastKnownFileType = text.plist.xml; path = Info.plist; sourceTree = "<group>"; };
		9899B90B2307357300429BFE /* HomeViewController.swift */ = {isa = PBXFileReference; lastKnownFileType = sourcecode.swift; path = HomeViewController.swift; sourceTree = "<group>"; };
		9899B90C2307357300429BFE /* HomeViewController.xib */ = {isa = PBXFileReference; lastKnownFileType = file.xib; path = HomeViewController.xib; sourceTree = "<group>"; };
		9899B91023075B2100429BFE /* UIButtonExtension.swift */ = {isa = PBXFileReference; lastKnownFileType = sourcecode.swift; path = UIButtonExtension.swift; sourceTree = "<group>"; };
/* End PBXFileReference section */

/* Begin PBXFrameworksBuildPhase section */
		9899B8EC23072CD700429BFE /* Frameworks */ = {
			isa = PBXFrameworksBuildPhase;
			buildActionMask = 2147483647;
			files = (
			);
			runOnlyForDeploymentPostprocessing = 0;
		};
/* End PBXFrameworksBuildPhase section */

/* Begin PBXGroup section */
		9899B8E623072CD700429BFE = {
			isa = PBXGroup;
			children = (
				9899B8F123072CD700429BFE /* Calculatorr */,
				9899B8F023072CD700429BFE /* Products */,
			);
			sourceTree = "<group>";
		};
		9899B8F023072CD700429BFE /* Products */ = {
			isa = PBXGroup;
			children = (
				9899B8EF23072CD700429BFE /* Calculatorr.app */,
			);
			name = Products;
			sourceTree = "<group>";
		};
		9899B8F123072CD700429BFE /* Calculatorr */ = {
			isa = PBXGroup;
			children = (
				9899B8F223072CD700429BFE /* AppDelegate.swift */,
				9899B9092307322C00429BFE /* Supporting Files */,
				9899B9082307321000429BFE /* Util */,
				9899B906230731E200429BFE /* Controller */,
				9899B905230731DC00429BFE /* View */,
				9899B904230731D400429BFE /* Model */,
				9899B8F923072CD800429BFE /* Assets.xcassets */,
			);
			path = Calculatorr;
			sourceTree = "<group>";
		};
		9899B904230731D400429BFE /* Model */ = {
			isa = PBXGroup;
			children = (
			);
			path = Model;
			sourceTree = "<group>";
		};
		9899B905230731DC00429BFE /* View */ = {
			isa = PBXGroup;
			children = (
				9899B9072307320A00429BFE /* Launch */,
				9899B90A2307338100429BFE /* Home */,
			);
			path = View;
			sourceTree = "<group>";
		};
		9899B906230731E200429BFE /* Controller */ = {
			isa = PBXGroup;
			children = (
				9899B90F230735A900429BFE /* Home */,
			);
			path = Controller;
			sourceTree = "<group>";
		};
		9899B9072307320A00429BFE /* Launch */ = {
			isa = PBXGroup;
			children = (
				9899B8FB23072CD800429BFE /* LaunchScreen.storyboard */,
			);
			path = Launch;
			sourceTree = "<group>";
		};
		9899B9082307321000429BFE /* Util */ = {
			isa = PBXGroup;
			children = (
				9899B91023075B2100429BFE /* UIButtonExtension.swift */,
			);
			name = Util;
			sourceTree = "<group>";
		};
		9899B9092307322C00429BFE /* Supporting Files */ = {
			isa = PBXGroup;
			children = (
				9899B8FE23072CD800429BFE /* Info.plist */,
			);
			name = "Supporting Files";
			sourceTree = "<group>";
		};
		9899B90A2307338100429BFE /* Home */ = {
			isa = PBXGroup;
			children = (
				9899B90C2307357300429BFE /* HomeViewController.xib */,
			);
			path = Home;
			sourceTree = "<group>";
		};
		9899B90F230735A900429BFE /* Home */ = {
			isa = PBXGroup;
			children = (
				9899B90B2307357300429BFE /* HomeViewController.swift */,
			);
			path = Home;
			sourceTree = "<group>";
		};
/* End PBXGroup section */

/* Begin PBXNativeTarget section */
		9899B8EE23072CD700429BFE /* Calculatorr */ = {
			isa = PBXNativeTarget;
			buildConfigurationList = 9899B90123072CD800429BFE /* Build configuration list for PBXNativeTarget "Calculatorr" */;
			buildPhases = (
				9899B8EB23072CD700429BFE /* Sources */,
				9899B8EC23072CD700429BFE /* Frameworks */,
				9899B8ED23072CD700429BFE /* Resources */,
			);
			buildRules = (
			);
			dependencies = (
			);
			name = Calculatorr;
			productName = Calculatorr;
			productReference = 9899B8EF23072CD700429BFE /* Calculatorr.app */;
			productType = "com.apple.product-type.application";
		};
/* End PBXNativeTarget section */

/* Begin PBXProject section */
		9899B8E723072CD700429BFE /* Project object */ = {
			isa = PBXProject;
			attributes = {
				LastSwiftUpdateCheck = 1020;
				LastUpgradeCheck = 1020;
				ORGANIZATIONNAME = "hasanberk yigit";
				TargetAttributes = {
					9899B8EE23072CD700429BFE = {
						CreatedOnToolsVersion = 10.2.1;
					};
				};
			};
			buildConfigurationList = 9899B8EA23072CD700429BFE /* Build configuration list for PBXProject "Calculatorr" */;
			compatibilityVersion = "Xcode 9.3";
			developmentRegion = en;
			hasScannedForEncodings = 0;
			knownRegions = (
				en,
				Base,
			);
			mainGroup = 9899B8E623072CD700429BFE;
			productRefGroup = 9899B8F023072CD700429BFE /* Products */;
			projectDirPath = "";
			projectRoot = "";
			targets = (
				9899B8EE23072CD700429BFE /* Calculatorr */,
			);
		};
/* End PBXProject section */

/* Begin PBXResourcesBuildPhase section */
		9899B8ED23072CD700429BFE /* Resources */ = {
			isa = PBXResourcesBuildPhase;
			buildActionMask = 2147483647;
			files = (
				9899B8FD23072CD800429BFE /* LaunchScreen.storyboard in Resources */,
				9899B8FA23072CD800429BFE /* Assets.xcassets in Resources */,
				9899B90E2307357300429BFE /* HomeViewController.xib in Resources */,
			);
			runOnlyForDeploymentPostprocessing = 0;
		};
/* End PBXResourcesBuildPhase section */

/* Begin PBXSourcesBuildPhase section */
		9899B8EB23072CD700429BFE /* Sources */ = {
			isa = PBXSourcesBuildPhase;
			buildActionMask = 2147483647;
			files = (
				9899B8F323072CD700429BFE /* AppDelegate.swift in Sources */,
				9899B90D2307357300429BFE /* HomeViewController.swift in Sources */,
				9899B91123075B2100429BFE /* UIButtonExtension.swift in Sources */,
			);
			runOnlyForDeploymentPostprocessing = 0;
		};
/* End PBXSourcesBuildPhase section */

/* Begin PBXVariantGroup section */
		9899B8FB23072CD800429BFE /* LaunchScreen.storyboard */ = {
			isa = PBXVariantGroup;
			children = (
				9899B8FC23072CD800429BFE /* Base */,
			);
			name = LaunchScreen.storyboard;
			sourceTree = "<group>";
		};
/* End PBXVariantGroup section */

/* Begin XCBuildConfiguration section */
		9899B8FF23072CD800429BFE /* Debug */ = {
			isa = XCBuildConfiguration;
			buildSettings = {
				ALWAYS_SEARCH_USER_PATHS = NO;
				CLANG_ANALYZER_NONNULL = YES;
				CLANG_ANALYZER_NUMBER_OBJECT_CONVERSION = YES_AGGRESSIVE;
				CLANG_CXX_LANGUAGE_STANDARD = "gnu++14";
				CLANG_CXX_LIBRARY = "libc++";
				CLANG_ENABLE_MODULES = YES;
				CLANG_ENABLE_OBJC_ARC = YES;
				CLANG_ENABLE_OBJC_WEAK = YES;
				CLANG_WARN_BLOCK_CAPTURE_AUTORELEASING = YES;
				CLANG_WARN_BOOL_CONVERSION = YES;
				CLANG_WARN_COMMA = YES;
				CLANG_WARN_CONSTANT_CONVERSION = YES;
				CLANG_WARN_DEPRECATED_OBJC_IMPLEMENTATIONS = YES;
				CLANG_WARN_DIRECT_OBJC_ISA_USAGE = YES_ERROR;
				CLANG_WARN_DOCUMENTATION_COMMENTS = YES;
				CLANG_WARN_EMPTY_BODY = YES;
				CLANG_WARN_ENUM_CONVERSION = YES;
				CLANG_WARN_INFINITE_RECURSION = YES;
				CLANG_WARN_INT_CONVERSION = YES;
				CLANG_WARN_NON_LITERAL_NULL_CONVERSION = YES;
				CLANG_WARN_OBJC_IMPLICIT_RETAIN_SELF = YES;
				CLANG_WARN_OBJC_LITERAL_CONVERSION = YES;
				CLANG_WARN_OBJC_ROOT_CLASS = YES_ERROR;
				CLANG_WARN_RANGE_LOOP_ANALYSIS = YES;
				CLANG_WARN_STRICT_PROTOTYPES = YES;
				CLANG_WARN_SUSPICIOUS_MOVE = YES;
				CLANG_WARN_UNGUARDED_AVAILABILITY = YES_AGGRESSIVE;
				CLANG_WARN_UNREACHABLE_CODE = YES;
				CLANG_WARN__DUPLICATE_METHOD_MATCH = YES;
				CODE_SIGN_IDENTITY = "iPhone Developer";
				COPY_PHASE_STRIP = NO;
				DEBUG_INFORMATION_FORMAT = dwarf;
				ENABLE_STRICT_OBJC_MSGSEND = YES;
				ENABLE_TESTABILITY = YES;
				GCC_C_LANGUAGE_STANDARD = gnu11;
				GCC_DYNAMIC_NO_PIC = NO;
				GCC_NO_COMMON_BLOCKS = YES;
				GCC_OPTIMIZATION_LEVEL = 0;
				GCC_PREPROCESSOR_DEFINITIONS = (
					"DEBUG=1",
					"$(inherited)",
				);
				GCC_WARN_64_TO_32_BIT_CONVERSION = YES;
				GCC_WARN_ABOUT_RETURN_TYPE = YES_ERROR;
				GCC_WARN_UNDECLARED_SELECTOR = YES;
				GCC_WARN_UNINITIALIZED_AUTOS = YES_AGGRESSIVE;
				GCC_WARN_UNUSED_FUNCTION = YES;
				GCC_WARN_UNUSED_VARIABLE = YES;
				IPHONEOS_DEPLOYMENT_TARGET = 12.2;
				MTL_ENABLE_DEBUG_INFO = INCLUDE_SOURCE;
				MTL_FAST_MATH = YES;
				ONLY_ACTIVE_ARCH = YES;
				SDKROOT = iphoneos;
				SWIFT_ACTIVE_COMPILATION_CONDITIONS = DEBUG;
				SWIFT_OPTIMIZATION_LEVEL = "-Onone";
			};
			name = Debug;
		};
		9899B90023072CD800429BFE /* Release */ = {
			isa = XCBuildConfiguration;
			buildSettings = {
				ALWAYS_SEARCH_USER_PATHS = NO;
				CLANG_ANALYZER_NONNULL = YES;
				CLANG_ANALYZER_NUMBER_OBJECT_CONVERSION = YES_AGGRESSIVE;
				CLANG_CXX_LANGUAGE_STANDARD = "gnu++14";
				CLANG_CXX_LIBRARY = "libc++";
				CLANG_ENABLE_MODULES = YES;
				CLANG_ENABLE_OBJC_ARC = YES;
				CLANG_ENABLE_OBJC_WEAK = YES;
				CLANG_WARN_BLOCK_CAPTURE_AUTORELEASING = YES;
				CLANG_WARN_BOOL_CONVERSION = YES;
				CLANG_WARN_COMMA = YES;
				CLANG_WARN_CONSTANT_CONVERSION = YES;
				CLANG_WARN_DEPRECATED_OBJC_IMPLEMENTATIONS = YES;
				CLANG_WARN_DIRECT_OBJC_ISA_USAGE = YES_ERROR;
				CLANG_WARN_DOCUMENTATION_COMMENTS = YES;
				CLANG_WARN_EMPTY_BODY = YES;
				CLANG_WARN_ENUM_CONVERSION = YES;
				CLANG_WARN_INFINITE_RECURSION = YES;
				CLANG_WARN_INT_CONVERSION = YES;
				CLANG_WARN_NON_LITERAL_NULL_CONVERSION = YES;
				CLANG_WARN_OBJC_IMPLICIT_RETAIN_SELF = YES;
				CLANG_WARN_OBJC_LITERAL_CONVERSION = YES;
				CLANG_WARN_OBJC_ROOT_CLASS = YES_ERROR;
				CLANG_WARN_RANGE_LOOP_ANALYSIS = YES;
				CLANG_WARN_STRICT_PROTOTYPES = YES;
				CLANG_WARN_SUSPICIOUS_MOVE = YES;
				CLANG_WARN_UNGUARDED_AVAILABILITY = YES_AGGRESSIVE;
				CLANG_WARN_UNREACHABLE_CODE = YES;
				CLANG_WARN__DUPLICATE_METHOD_MATCH = YES;
				CODE_SIGN_IDENTITY = "iPhone Developer";
				COPY_PHASE_STRIP = NO;
				DEBUG_INFORMATION_FORMAT = "dwarf-with-dsym";
				ENABLE_NS_ASSERTIONS = NO;
				ENABLE_STRICT_OBJC_MSGSEND = YES;
				GCC_C_LANGUAGE_STANDARD = gnu11;
				GCC_NO_COMMON_BLOCKS = YES;
				GCC_WARN_64_TO_32_BIT_CONVERSION = YES;
				GCC_WARN_ABOUT_RETURN_TYPE = YES_ERROR;
				GCC_WARN_UNDECLARED_SELECTOR = YES;
				GCC_WARN_UNINITIALIZED_AUTOS = YES_AGGRESSIVE;
				GCC_WARN_UNUSED_FUNCTION = YES;
				GCC_WARN_UNUSED_VARIABLE = YES;
				IPHONEOS_DEPLOYMENT_TARGET = 12.2;
				MTL_ENABLE_DEBUG_INFO = NO;
				MTL_FAST_MATH = YES;
				SDKROOT = iphoneos;
				SWIFT_COMPILATION_MODE = wholemodule;
				SWIFT_OPTIMIZATION_LEVEL = "-O";
				VALIDATE_PRODUCT = YES;
			};
			name = Release;
		};
		9899B90223072CD800429BFE /* Debug */ = {
			isa = XCBuildConfiguration;
			buildSettings = {
				ASSETCATALOG_COMPILER_APPICON_NAME = AppIcon;
				CODE_SIGN_STYLE = Automatic;
				INFOPLIST_FILE = Calculatorr/Info.plist;
				IPHONEOS_DEPLOYMENT_TARGET = 10.0;
				LD_RUNPATH_SEARCH_PATHS = (
					"$(inherited)",
					"@executable_path/Frameworks",
				);
				PRODUCT_BUNDLE_IDENTIFIER = com.hasanberkyigit.Calculatorr;
				PRODUCT_NAME = "$(TARGET_NAME)";
				SWIFT_VERSION = 5.0;
				TARGETED_DEVICE_FAMILY = "1,2";
			};
			name = Debug;
		};
		9899B90323072CD800429BFE /* Release */ = {
			isa = XCBuildConfiguration;
			buildSettings = {
				ASSETCATALOG_COMPILER_APPICON_NAME = AppIcon;
				CODE_SIGN_STYLE = Automatic;
				INFOPLIST_FILE = Calculatorr/Info.plist;
				IPHONEOS_DEPLOYMENT_TARGET = 10.0;
				LD_RUNPATH_SEARCH_PATHS = (
					"$(inherited)",
					"@executable_path/Frameworks",
				);
				PRODUCT_BUNDLE_IDENTIFIER = com.hasanberkyigit.Calculatorr;
				PRODUCT_NAME = "$(TARGET_NAME)";
				SWIFT_VERSION = 5.0;
				TARGETED_DEVICE_FAMILY = "1,2";
			};
			name = Release;
		};
/* End XCBuildConfiguration section */

/* Begin XCConfigurationList section */
		9899B8EA23072CD700429BFE /* Build configuration list for PBXProject "Calculatorr" */ = {
			isa = XCConfigurationList;
			buildConfigurations = (
				9899B8FF23072CD800429BFE /* Debug */,
				9899B90023072CD800429BFE /* Release */,
			);
			defaultConfigurationIsVisible = 0;
			defaultConfigurationName = Release;
		};
		9899B90123072CD800429BFE /* Build configuration list for PBXNativeTarget "Calculatorr" */ = {
			isa = XCConfigurationList;
			buildConfigurations = (
				9899B90223072CD800429BFE /* Debug */,
				9899B90323072CD800429BFE /* Release */,
			);
			defaultConfigurationIsVisible = 0;
			defaultConfigurationName = Release;
		};
/* End XCConfigurationList section */
	};
	rootObject = 9899B8E723072CD700429BFE /* Project object */;
}
